{
  "name": "ResourceCentre",
  "lockfileVersion": 2,
  "requires": true,
  "packages": {
    "": {
      "dependencies": {
        "dropzone": "^5.7.6"
      }
    },
    "node_modules/dropzone": {
      "version": "5.7.6",
      "resolved": "https://registry.npmjs.org/dropzone/-/dropzone-5.7.6.tgz",
      "integrity": "sha512-z38j+PZsH38rFGOK2rQ877t6c0cPos053fPp3RKaDvCDjAw4KflQQGn7BhCWeFq9Zl1hinB8khPrQdJ6cIBryQ=="
    }
  },
  "dependencies": {
    "dropzone": {
      "version": "5.7.6",
      "resolved": "https://registry.npmjs.org/dropzone/-/dropzone-5.7.6.tgz",
      "integrity": "sha512-z38j+PZsH38rFGOK2rQ877t6c0cPos053fPp3RKaDvCDjAw4KflQQGn7BhCWeFq9Zl1hinB8khPrQdJ6cIBryQ=="
    }
  }
}
